
Microsoft Visual Studio Solution File, Format Version 12.00
# Visual Studio 15
VisualStudioVersion = 15.0.27130.2027
MinimumVisualStudioVersion = 10.0.40219.1
Project("{FAE04EC0-301F-11D3-BF4B-00C04F79EFBC}") = "DBSQLite", "DBSQLite\DBSQLite.csproj", "{8F615117-FD70-4D55-8953-9E3CBE89FBED}"
EndProject
Global
	GlobalSection(SolutionConfigurationPlatforms) = preSolution
		Debug|Any CPU = Debug|Any CPU
		Release|Any CPU = Release|Any CPU
	EndGlobalSection
	GlobalSection(ProjectConfigurationPlatforms) = postSolution
		{8F615117-FD70-4D55-8953-9E3CBE89FBED}.Debug|Any CPU.ActiveCfg = Debug|Any CPU
		{8F615117-FD70-4D55-8953-9E3CBE89FBED}.Debug|Any CPU.Build.0 = Debug|Any CPU
		{8F615117-FD70-4D55-8953-9E3CBE89FBED}.Release|Any CPU.ActiveCfg = Release|Any CPU
		{8F615117-FD70-4D55-8953-9E3CBE89FBED}.Release|Any CPU.Build.0 = Release|Any CPU
	EndGlobalSection
	GlobalSection(SolutionProperties) = preSolution
		HideSolutionNode = FALSE
	EndGlobalSection
	GlobalSection(ExtensibilityGlobals) = postSolution
		SolutionGuid = {8A3DAEC2-43C6-4C86-A0DD-7848DB10622D}
	EndGlobalSection
EndGlobal
